
Microsoft Visual Studio Solution File, Format Version 12.00
# Visual Studio Version 17
VisualStudioVersion = 17.5.33502.453
MinimumVisualStudioVersion = 10.0.40219.1
Project("{FAE04EC0-301F-11D3-BF4B-00C04F79EFBC}") = "SimpleCalculator.Core", "SimpleCalculator.Core.csproj", "{460C8A17-3D49-446D-939B-41E43E3E5B37}"
EndProject
Global
	GlobalSection(SolutionConfigurationPlatforms) = preSolution
		Debug|Any CPU = Debug|Any CPU
		Release|Any CPU = Release|Any CPU
	EndGlobalSection
	GlobalSection(ProjectConfigurationPlatforms) = postSolution
		{460C8A17-3D49-446D-939B-41E43E3E5B37}.Debug|Any CPU.ActiveCfg = Debug|Any CPU
		{460C8A17-3D49-446D-939B-41E43E3E5B37}.Debug|Any CPU.Build.0 = Debug|Any CPU
		{460C8A17-3D49-446D-939B-41E43E3E5B37}.Release|Any CPU.ActiveCfg = Release|Any CPU
		{460C8A17-3D49-446D-939B-41E43E3E5B37}.Release|Any CPU.Build.0 = Release|Any CPU
	EndGlobalSection
	GlobalSection(SolutionProperties) = preSolution
		HideSolutionNode = FALSE
	EndGlobalSection
	GlobalSection(ExtensibilityGlobals) = postSolution
		SolutionGuid = {3FAE561A-1414-44B8-B4A4-9ECAB87B902D}
	EndGlobalSection
EndGlobal
